
Microsoft Visual Studio Solution File, Format Version 12.00
# Visual Studio Version 17
VisualStudioVersion = 17.9.34728.123
MinimumVisualStudioVersion = 10.0.40219.1
Project("{FAE04EC0-301F-11D3-BF4B-00C04F79EFBC}") = "Ornek5_RSS", "Ornek5_RSS\Ornek5_RSS.csproj", "{726C5532-01FB-444D-83AE-A525E82412DF}"
EndProject
Global
	GlobalSection(SolutionConfigurationPlatforms) = preSolution
		Debug|Any CPU = Debug|Any CPU
		Release|Any CPU = Release|Any CPU
	EndGlobalSection
	GlobalSection(ProjectConfigurationPlatforms) = postSolution
		{726C5532-01FB-444D-83AE-A525E82412DF}.Debug|Any CPU.ActiveCfg = Debug|Any CPU
		{726C5532-01FB-444D-83AE-A525E82412DF}.Debug|Any CPU.Build.0 = Debug|Any CPU
		{726C5532-01FB-444D-83AE-A525E82412DF}.Release|Any CPU.ActiveCfg = Release|Any CPU
		{726C5532-01FB-444D-83AE-A525E82412DF}.Release|Any CPU.Build.0 = Release|Any CPU
	EndGlobalSection
	GlobalSection(SolutionProperties) = preSolution
		HideSolutionNode = FALSE
	EndGlobalSection
	GlobalSection(ExtensibilityGlobals) = postSolution
		SolutionGuid = {6B28B4A5-5B61-4784-A210-0207A4DC3402}
	EndGlobalSection
EndGlobal
