
Microsoft Visual Studio Solution File, Format Version 12.00
# Visual Studio Version 17
VisualStudioVersion = 17.9.34728.123
MinimumVisualStudioVersion = 10.0.40219.1
Project("{FAE04EC0-301F-11D3-BF4B-00C04F79EFBC}") = "SystemIO_WinForm", "SystemIO_WinForm\SystemIO_WinForm.csproj", "{D2EFAF43-A522-4186-87F1-DB6ACB524D83}"
EndProject
Global
	GlobalSection(SolutionConfigurationPlatforms) = preSolution
		Debug|Any CPU = Debug|Any CPU
		Release|Any CPU = Release|Any CPU
	EndGlobalSection
	GlobalSection(ProjectConfigurationPlatforms) = postSolution
		{D2EFAF43-A522-4186-87F1-DB6ACB524D83}.Debug|Any CPU.ActiveCfg = Debug|Any CPU
		{D2EFAF43-A522-4186-87F1-DB6ACB524D83}.Debug|Any CPU.Build.0 = Debug|Any CPU
		{D2EFAF43-A522-4186-87F1-DB6ACB524D83}.Release|Any CPU.ActiveCfg = Release|Any CPU
		{D2EFAF43-A522-4186-87F1-DB6ACB524D83}.Release|Any CPU.Build.0 = Release|Any CPU
	EndGlobalSection
	GlobalSection(SolutionProperties) = preSolution
		HideSolutionNode = FALSE
	EndGlobalSection
	GlobalSection(ExtensibilityGlobals) = postSolution
		SolutionGuid = {8CE17490-75A2-44DD-BF5E-98C8C9FC3FD7}
	EndGlobalSection
EndGlobal
