
Microsoft Visual Studio Solution File, Format Version 12.00
# Visual Studio Version 17
VisualStudioVersion = 17.9.34728.123
MinimumVisualStudioVersion = 10.0.40219.1
Project("{FAE04EC0-301F-11D3-BF4B-00C04F79EFBC}") = "Ornek2_KullanıcıGirisForm", "Ornek2_KullanıcıGirisForm\Ornek2_KullanıcıGirisForm.csproj", "{17AB3826-247E-4564-B232-2D892CE336ED}"
EndProject
Global
	GlobalSection(SolutionConfigurationPlatforms) = preSolution
		Debug|Any CPU = Debug|Any CPU
		Release|Any CPU = Release|Any CPU
	EndGlobalSection
	GlobalSection(ProjectConfigurationPlatforms) = postSolution
		{17AB3826-247E-4564-B232-2D892CE336ED}.Debug|Any CPU.ActiveCfg = Debug|Any CPU
		{17AB3826-247E-4564-B232-2D892CE336ED}.Debug|Any CPU.Build.0 = Debug|Any CPU
		{17AB3826-247E-4564-B232-2D892CE336ED}.Release|Any CPU.ActiveCfg = Release|Any CPU
		{17AB3826-247E-4564-B232-2D892CE336ED}.Release|Any CPU.Build.0 = Release|Any CPU
	EndGlobalSection
	GlobalSection(SolutionProperties) = preSolution
		HideSolutionNode = FALSE
	EndGlobalSection
	GlobalSection(ExtensibilityGlobals) = postSolution
		SolutionGuid = {A136FC31-BD06-469F-850B-CFC32BEC6B59}
	EndGlobalSection
EndGlobal
